
Microsoft Visual Studio Solution File, Format Version 12.00
# Visual Studio Version 17
VisualStudioVersion = 17.3.32929.385
MinimumVisualStudioVersion = 10.0.40219.1
Project("{FAE04EC0-301F-11D3-BF4B-00C04F79EFBC}") = "Rockets", "Rockets\Rockets.csproj", "{BC9E8161-21ED-41A7-A6BE-5C30132500A9}"
EndProject
Global
	GlobalSection(SolutionConfigurationPlatforms) = preSolution
		Debug|Any CPU = Debug|Any CPU
		Release|Any CPU = Release|Any CPU
	EndGlobalSection
	GlobalSection(ProjectConfigurationPlatforms) = postSolution
		{BC9E8161-21ED-41A7-A6BE-5C30132500A9}.Debug|Any CPU.ActiveCfg = Debug|Any CPU
		{BC9E8161-21ED-41A7-A6BE-5C30132500A9}.Debug|Any CPU.Build.0 = Debug|Any CPU
		{BC9E8161-21ED-41A7-A6BE-5C30132500A9}.Release|Any CPU.ActiveCfg = Release|Any CPU
		{BC9E8161-21ED-41A7-A6BE-5C30132500A9}.Release|Any CPU.Build.0 = Release|Any CPU
	EndGlobalSection
	GlobalSection(SolutionProperties) = preSolution
		HideSolutionNode = FALSE
	EndGlobalSection
	GlobalSection(ExtensibilityGlobals) = postSolution
		SolutionGuid = {FC4DAEFC-9C5F-4F21-AE03-798A19302FC3}
	EndGlobalSection
EndGlobal
